
Microsoft Visual Studio Solution File, Format Version 12.00
# Visual Studio Version 17
VisualStudioVersion = 17.8.34330.188
MinimumVisualStudioVersion = 10.0.40219.1
Project("{9A19103F-16F7-4668-BE54-9A1E7A4F7556}") = "TestingWebApp", "TestingWebApp\TestingWebApp.csproj", "{DC29CEB0-9EDB-49D0-8130-5CE0BC8BE667}"
EndProject
Project("{FAE04EC0-301F-11D3-BF4B-00C04F79EFBC}") = "DAL", "DAL\DAL.csproj", "{8117A19D-1D4F-4C77-8DF2-55532916CB5F}"
EndProject
Project("{FAE04EC0-301F-11D3-BF4B-00C04F79EFBC}") = "DataWorker", "DataWorker\DataWorker.csproj", "{E4DBC8A7-5942-4DEF-A1F0-27E794FCA8A1}"
EndProject
Global
	GlobalSection(SolutionConfigurationPlatforms) = preSolution
		Debug|Any CPU = Debug|Any CPU
		Release|Any CPU = Release|Any CPU
	EndGlobalSection
	GlobalSection(ProjectConfigurationPlatforms) = postSolution
		{DC29CEB0-9EDB-49D0-8130-5CE0BC8BE667}.Debug|Any CPU.ActiveCfg = Debug|Any CPU
		{DC29CEB0-9EDB-49D0-8130-5CE0BC8BE667}.Debug|Any CPU.Build.0 = Debug|Any CPU
		{DC29CEB0-9EDB-49D0-8130-5CE0BC8BE667}.Release|Any CPU.ActiveCfg = Release|Any CPU
		{DC29CEB0-9EDB-49D0-8130-5CE0BC8BE667}.Release|Any CPU.Build.0 = Release|Any CPU
		{8117A19D-1D4F-4C77-8DF2-55532916CB5F}.Debug|Any CPU.ActiveCfg = Debug|Any CPU
		{8117A19D-1D4F-4C77-8DF2-55532916CB5F}.Debug|Any CPU.Build.0 = Debug|Any CPU
		{8117A19D-1D4F-4C77-8DF2-55532916CB5F}.Release|Any CPU.ActiveCfg = Release|Any CPU
		{8117A19D-1D4F-4C77-8DF2-55532916CB5F}.Release|Any CPU.Build.0 = Release|Any CPU
		{E4DBC8A7-5942-4DEF-A1F0-27E794FCA8A1}.Debug|Any CPU.ActiveCfg = Debug|Any CPU
		{E4DBC8A7-5942-4DEF-A1F0-27E794FCA8A1}.Debug|Any CPU.Build.0 = Debug|Any CPU
		{E4DBC8A7-5942-4DEF-A1F0-27E794FCA8A1}.Release|Any CPU.ActiveCfg = Release|Any CPU
		{E4DBC8A7-5942-4DEF-A1F0-27E794FCA8A1}.Release|Any CPU.Build.0 = Release|Any CPU
	EndGlobalSection
	GlobalSection(SolutionProperties) = preSolution
		HideSolutionNode = FALSE
	EndGlobalSection
	GlobalSection(ExtensibilityGlobals) = postSolution
		SolutionGuid = {26C18EB3-6FB0-4085-A0CA-D5C36AF1A099}
	EndGlobalSection
EndGlobal
